// !$*UTF8*$!
{
	archiveVersion = 1;
	classes = {
	};
	objectVersion = 56;
	objects = {

/* Begin PBXBuildFile section */
		54837CE72AB31FBB00671438 /* TestView.swift in Sources */ = {isa = PBXBuildFile; fileRef = 54837CE62AB31FBB00671438 /* TestView.swift */; };
		54BC3C5E2AB308DE00476E9A /* YotiButtonSDK in Frameworks */ = {isa = PBXBuildFile; productRef = 54BC3C5D2AB308DE00476E9A /* YotiButtonSDK */; };
		54C923C32AB302B900A7FE37 /* AppDelegate.swift in Sources */ = {isa = PBXBuildFile; fileRef = 54C923C22AB302B900A7FE37 /* AppDelegate.swift */; };
		54C923C52AB302B900A7FE37 /* SceneDelegate.swift in Sources */ = {isa = PBXBuildFile; fileRef = 54C923C42AB302B900A7FE37 /* SceneDelegate.swift */; };
		54C923C72AB302B900A7FE37 /* YotiLandingViewController.swift in Sources */ = {isa = PBXBuildFile; fileRef = 54C923C62AB302B900A7FE37 /* YotiLandingViewController.swift */; };
		54C923CA2AB302B900A7FE37 /* Main.storyboard in Resources */ = {isa = PBXBuildFile; fileRef = 54C923C82AB302B900A7FE37 /* Main.storyboard */; };
		54C923CC2AB302BA00A7FE37 /* Assets.xcassets in Resources */ = {isa = PBXBuildFile; fileRef = 54C923CB2AB302BA00A7FE37 /* Assets.xcassets */; };
		54C923CF2AB302BA00A7FE37 /* LaunchScreen.storyboard in Resources */ = {isa = PBXBuildFile; fileRef = 54C923CD2AB302BA00A7FE37 /* LaunchScreen.storyboard */; };
/* End PBXBuildFile section */

/* Begin PBXFileReference section */
		54837CE62AB31FBB00671438 /* TestView.swift */ = {isa = PBXFileReference; fileEncoding = 4; lastKnownFileType = sourcecode.swift; path = TestView.swift; sourceTree = "<group>"; };
		54C923BF2AB302B900A7FE37 /* DigiIDSwiftPackage.app */ = {isa = PBXFileReference; explicitFileType = wrapper.application; includeInIndex = 0; path = DigiIDSwiftPackage.app; sourceTree = BUILT_PRODUCTS_DIR; };
		54C923C22AB302B900A7FE37 /* AppDelegate.swift */ = {isa = PBXFileReference; lastKnownFileType = sourcecode.swift; path = AppDelegate.swift; sourceTree = "<group>"; };
		54C923C42AB302B900A7FE37 /* SceneDelegate.swift */ = {isa = PBXFileReference; lastKnownFileType = sourcecode.swift; path = SceneDelegate.swift; sourceTree = "<group>"; };
		54C923C62AB302B900A7FE37 /* YotiLandingViewController.swift */ = {isa = PBXFileReference; lastKnownFileType = sourcecode.swift; path = YotiLandingViewController.swift; sourceTree = "<group>"; };
		54C923C92AB302B900A7FE37 /* Base */ = {isa = PBXFileReference; lastKnownFileType = file.storyboard; name = Base; path = Base.lproj/Main.storyboard; sourceTree = "<group>"; };
		54C923CB2AB302BA00A7FE37 /* Assets.xcassets */ = {isa = PBXFileReference; lastKnownFileType = folder.assetcatalog; path = Assets.xcassets; sourceTree = "<group>"; };
		54C923CE2AB302BA00A7FE37 /* Base */ = {isa = PBXFileReference; lastKnownFileType = file.storyboard; name = Base; path = Base.lproj/LaunchScreen.storyboard; sourceTree = "<group>"; };
		54C923D02AB302BA00A7FE37 /* Info.plist */ = {isa = PBXFileReference; lastKnownFileType = text.plist.xml; path = Info.plist; sourceTree = "<group>"; };
/* End PBXFileReference section */

/* Begin PBXFrameworksBuildPhase section */
		54C923BC2AB302B900A7FE37 /* Frameworks */ = {
			isa = PBXFrameworksBuildPhase;
			buildActionMask = 2147483647;
			files = (
				54BC3C5E2AB308DE00476E9A /* YotiButtonSDK in Frameworks */,
			);
			runOnlyForDeploymentPostprocessing = 0;
		};
/* End PBXFrameworksBuildPhase section */

/* Begin PBXGroup section */
		54C923B62AB302B900A7FE37 = {
			isa = PBXGroup;
			children = (
				54C923C12AB302B900A7FE37 /* DigiIDSwiftPackage */,
				54C923C02AB302B900A7FE37 /* Products */,
			);
			sourceTree = "<group>";
		};
		54C923C02AB302B900A7FE37 /* Products */ = {
			isa = PBXGroup;
			children = (
				54C923BF2AB302B900A7FE37 /* DigiIDSwiftPackage.app */,
			);
			name = Products;
			sourceTree = "<group>";
		};
		54C923C12AB302B900A7FE37 /* DigiIDSwiftPackage */ = {
			isa = PBXGroup;
			children = (
				54837CE62AB31FBB00671438 /* TestView.swift */,
				54C923C22AB302B900A7FE37 /* AppDelegate.swift */,
				54C923C42AB302B900A7FE37 /* SceneDelegate.swift */,
				54C923C62AB302B900A7FE37 /* YotiLandingViewController.swift */,
				54C923C82AB302B900A7FE37 /* Main.storyboard */,
				54C923CB2AB302BA00A7FE37 /* Assets.xcassets */,
				54C923CD2AB302BA00A7FE37 /* LaunchScreen.storyboard */,
				54C923D02AB302BA00A7FE37 /* Info.plist */,
			);
			path = DigiIDSwiftPackage;
			sourceTree = "<group>";
		};
/* End PBXGroup section */

/* Begin PBXNativeTarget section */
		54C923BE2AB302B900A7FE37 /* DigiIDSwiftPackage */ = {
			isa = PBXNativeTarget;
			buildConfigurationList = 54C923D32AB302BA00A7FE37 /* Build configuration list for PBXNativeTarget "DigiIDSwiftPackage" */;
			buildPhases = (
				54C923BB2AB302B900A7FE37 /* Sources */,
				54C923BC2AB302B900A7FE37 /* Frameworks */,
				54C923BD2AB302B900A7FE37 /* Resources */,
			);
			buildRules = (
			);
			dependencies = (
			);
			name = DigiIDSwiftPackage;
			packageProductDependencies = (
				54BC3C5D2AB308DE00476E9A /* YotiButtonSDK */,
			);
			productName = DigiIDSwiftPackage;
			productReference = 54C923BF2AB302B900A7FE37 /* DigiIDSwiftPackage.app */;
			productType = "com.apple.product-type.application";
		};
/* End PBXNativeTarget section */

/* Begin PBXProject section */
		54C923B72AB302B900A7FE37 /* Project object */ = {
			isa = PBXProject;
			attributes = {
				BuildIndependentTargetsInParallel = 1;
				LastSwiftUpdateCheck = 1430;
				LastUpgradeCheck = 1430;
				TargetAttributes = {
					54C923BE2AB302B900A7FE37 = {
						CreatedOnToolsVersion = 14.3.1;
					};
				};
			};
			buildConfigurationList = 54C923BA2AB302B900A7FE37 /* Build configuration list for PBXProject "DigiIDSwiftPackage" */;
			compatibilityVersion = "Xcode 14.0";
			developmentRegion = en;
			hasScannedForEncodings = 0;
			knownRegions = (
				en,
				Base,
			);
			mainGroup = 54C923B62AB302B900A7FE37;
			packageReferences = (
				54BC3C5C2AB308DD00476E9A /* XCRemoteSwiftPackageReference "ios-sdk-button" */,
			);
			productRefGroup = 54C923C02AB302B900A7FE37 /* Products */;
			projectDirPath = "";
			projectRoot = "";
			targets = (
				54C923BE2AB302B900A7FE37 /* DigiIDSwiftPackage */,
			);
		};
/* End PBXProject section */

/* Begin PBXResourcesBuildPhase section */
		54C923BD2AB302B900A7FE37 /* Resources */ = {
			isa = PBXResourcesBuildPhase;
			buildActionMask = 2147483647;
			files = (
				54C923CF2AB302BA00A7FE37 /* LaunchScreen.storyboard in Resources */,
				54C923CC2AB302BA00A7FE37 /* Assets.xcassets in Resources */,
				54C923CA2AB302B900A7FE37 /* Main.storyboard in Resources */,
			);
			runOnlyForDeploymentPostprocessing = 0;
		};
/* End PBXResourcesBuildPhase section */

/* Begin PBXSourcesBuildPhase section */
		54C923BB2AB302B900A7FE37 /* Sources */ = {
			isa = PBXSourcesBuildPhase;
			buildActionMask = 2147483647;
			files = (
				54837CE72AB31FBB00671438 /* TestView.swift in Sources */,
				54C923C72AB302B900A7FE37 /* YotiLandingViewController.swift in Sources */,
				54C923C32AB302B900A7FE37 /* AppDelegate.swift in Sources */,
				54C923C52AB302B900A7FE37 /* SceneDelegate.swift in Sources */,
			);
			runOnlyForDeploymentPostprocessing = 0;
		};
/* End PBXSourcesBuildPhase section */

/* Begin PBXVariantGroup section */
		54C923C82AB302B900A7FE37 /* Main.storyboard */ = {
			isa = PBXVariantGroup;
			children = (
				54C923C92AB302B900A7FE37 /* Base */,
			);
			name = Main.storyboard;
			sourceTree = "<group>";
		};
		54C923CD2AB302BA00A7FE37 /* LaunchScreen.storyboard */ = {
			isa = PBXVariantGroup;
			children = (
				54C923CE2AB302BA00A7FE37 /* Base */,
			);
			name = LaunchScreen.storyboard;
			sourceTree = "<group>";
		};
/* End PBXVariantGroup section */

/* Begin XCBuildConfiguration section */
		54C923D12AB302BA00A7FE37 /* Debug */ = {
			isa = XCBuildConfiguration;
			buildSettings = {
				ALWAYS_SEARCH_USER_PATHS = NO;
				CLANG_ANALYZER_NONNULL = YES;
				CLANG_ANALYZER_NUMBER_OBJECT_CONVERSION = YES_AGGRESSIVE;
				CLANG_CXX_LANGUAGE_STANDARD = "gnu++20";
				CLANG_ENABLE_MODULES = YES;
				CLANG_ENABLE_OBJC_ARC = YES;
				CLANG_ENABLE_OBJC_WEAK = YES;
				CLANG_WARN_BLOCK_CAPTURE_AUTORELEASING = YES;
				CLANG_WARN_BOOL_CONVERSION = YES;
				CLANG_WARN_COMMA = YES;
				CLANG_WARN_CONSTANT_CONVERSION = YES;
				CLANG_WARN_DEPRECATED_OBJC_IMPLEMENTATIONS = YES;
				CLANG_WARN_DIRECT_OBJC_ISA_USAGE = YES_ERROR;
				CLANG_WARN_DOCUMENTATION_COMMENTS = YES;
				CLANG_WARN_EMPTY_BODY = YES;
				CLANG_WARN_ENUM_CONVERSION = YES;
				CLANG_WARN_INFINITE_RECURSION = YES;
				CLANG_WARN_INT_CONVERSION = YES;
				CLANG_WARN_NON_LITERAL_NULL_CONVERSION = YES;
				CLANG_WARN_OBJC_IMPLICIT_RETAIN_SELF = YES;
				CLANG_WARN_OBJC_LITERAL_CONVERSION = YES;
				CLANG_WARN_OBJC_ROOT_CLASS = YES_ERROR;
				CLANG_WARN_QUOTED_INCLUDE_IN_FRAMEWORK_HEADER = YES;
				CLANG_WARN_RANGE_LOOP_ANALYSIS = YES;
				CLANG_WARN_STRICT_PROTOTYPES = YES;
				CLANG_WARN_SUSPICIOUS_MOVE = YES;
				CLANG_WARN_UNGUARDED_AVAILABILITY = YES_AGGRESSIVE;
				CLANG_WARN_UNREACHABLE_CODE = YES;
				CLANG_WARN__DUPLICATE_METHOD_MATCH = YES;
				COPY_PHASE_STRIP = NO;
				DEBUG_INFORMATION_FORMAT = dwarf;
				ENABLE_STRICT_OBJC_MSGSEND = YES;
				ENABLE_TESTABILITY = YES;
				GCC_C_LANGUAGE_STANDARD = gnu11;
				GCC_DYNAMIC_NO_PIC = NO;
				GCC_NO_COMMON_BLOCKS = YES;
				GCC_OPTIMIZATION_LEVEL = 0;
				GCC_PREPROCESSOR_DEFINITIONS = (
					"DEBUG=1",
					"$(inherited)",
				);
				GCC_WARN_64_TO_32_BIT_CONVERSION = YES;
				GCC_WARN_ABOUT_RETURN_TYPE = YES_ERROR;
				GCC_WARN_UNDECLARED_SELECTOR = YES;
				GCC_WARN_UNINITIALIZED_AUTOS = YES_AGGRESSIVE;
				GCC_WARN_UNUSED_FUNCTION = YES;
				GCC_WARN_UNUSED_VARIABLE = YES;
				IPHONEOS_DEPLOYMENT_TARGET = 16.4;
				MTL_ENABLE_DEBUG_INFO = INCLUDE_SOURCE;
				MTL_FAST_MATH = YES;
				ONLY_ACTIVE_ARCH = YES;
				SDKROOT = iphoneos;
				SWIFT_ACTIVE_COMPILATION_CONDITIONS = DEBUG;
				SWIFT_OPTIMIZATION_LEVEL = "-Onone";
			};
			name = Debug;
		};
		54C923D22AB302BA00A7FE37 /* Release */ = {
			isa = XCBuildConfiguration;
			buildSettings = {
				ALWAYS_SEARCH_USER_PATHS = NO;
				CLANG_ANALYZER_NONNULL = YES;
				CLANG_ANALYZER_NUMBER_OBJECT_CONVERSION = YES_AGGRESSIVE;
				CLANG_CXX_LANGUAGE_STANDARD = "gnu++20";
				CLANG_ENABLE_MODULES = YES;
				CLANG_ENABLE_OBJC_ARC = YES;
				CLANG_ENABLE_OBJC_WEAK = YES;
				CLANG_WARN_BLOCK_CAPTURE_AUTORELEASING = YES;
				CLANG_WARN_BOOL_CONVERSION = YES;
				CLANG_WARN_COMMA = YES;
				CLANG_WARN_CONSTANT_CONVERSION = YES;
				CLANG_WARN_DEPRECATED_OBJC_IMPLEMENTATIONS = YES;
				CLANG_WARN_DIRECT_OBJC_ISA_USAGE = YES_ERROR;
				CLANG_WARN_DOCUMENTATION_COMMENTS = YES;
				CLANG_WARN_EMPTY_BODY = YES;
				CLANG_WARN_ENUM_CONVERSION = YES;
				CLANG_WARN_INFINITE_RECURSION = YES;
				CLANG_WARN_INT_CONVERSION = YES;
				CLANG_WARN_NON_LITERAL_NULL_CONVERSION = YES;
				CLANG_WARN_OBJC_IMPLICIT_RETAIN_SELF = YES;
				CLANG_WARN_OBJC_LITERAL_CONVERSION = YES;
				CLANG_WARN_OBJC_ROOT_CLASS = YES_ERROR;
				CLANG_WARN_QUOTED_INCLUDE_IN_FRAMEWORK_HEADER = YES;
				CLANG_WARN_RANGE_LOOP_ANALYSIS = YES;
				CLANG_WARN_STRICT_PROTOTYPES = YES;
				CLANG_WARN_SUSPICIOUS_MOVE = YES;
				CLANG_WARN_UNGUARDED_AVAILABILITY = YES_AGGRESSIVE;
				CLANG_WARN_UNREACHABLE_CODE = YES;
				CLANG_WARN__DUPLICATE_METHOD_MATCH = YES;
				COPY_PHASE_STRIP = NO;
				DEBUG_INFORMATION_FORMAT = "dwarf-with-dsym";
				ENABLE_NS_ASSERTIONS = NO;
				ENABLE_STRICT_OBJC_MSGSEND = YES;
				GCC_C_LANGUAGE_STANDARD = gnu11;
				GCC_NO_COMMON_BLOCKS = YES;
				GCC_WARN_64_TO_32_BIT_CONVERSION = YES;
				GCC_WARN_ABOUT_RETURN_TYPE = YES_ERROR;
				GCC_WARN_UNDECLARED_SELECTOR = YES;
				GCC_WARN_UNINITIALIZED_AUTOS = YES_AGGRESSIVE;
				GCC_WARN_UNUSED_FUNCTION = YES;
				GCC_WARN_UNUSED_VARIABLE = YES;
				IPHONEOS_DEPLOYMENT_TARGET = 16.4;
				MTL_ENABLE_DEBUG_INFO = NO;
				MTL_FAST_MATH = YES;
				SDKROOT = iphoneos;
				SWIFT_COMPILATION_MODE = wholemodule;
				SWIFT_OPTIMIZATION_LEVEL = "-O";
				VALIDATE_PRODUCT = YES;
			};
			name = Release;
		};
		54C923D42AB302BA00A7FE37 /* Debug */ = {
			isa = XCBuildConfiguration;
			buildSettings = {
				ASSETCATALOG_COMPILER_APPICON_NAME = AppIcon;
				ASSETCATALOG_COMPILER_GLOBAL_ACCENT_COLOR_NAME = AccentColor;
				CODE_SIGN_STYLE = Automatic;
				CURRENT_PROJECT_VERSION = 1;
				GENERATE_INFOPLIST_FILE = YES;
				INFOPLIST_FILE = DigiIDSwiftPackage/Info.plist;
				INFOPLIST_KEY_UIApplicationSupportsIndirectInputEvents = YES;
				INFOPLIST_KEY_UILaunchStoryboardName = LaunchScreen;
				INFOPLIST_KEY_UIMainStoryboardFile = Main;
				INFOPLIST_KEY_UISupportedInterfaceOrientations_iPad = "UIInterfaceOrientationPortrait UIInterfaceOrientationPortraitUpsideDown UIInterfaceOrientationLandscapeLeft UIInterfaceOrientationLandscapeRight";
				INFOPLIST_KEY_UISupportedInterfaceOrientations_iPhone = "UIInterfaceOrientationPortrait UIInterfaceOrientationLandscapeLeft UIInterfaceOrientationLandscapeRight";
				LD_RUNPATH_SEARCH_PATHS = (
					"$(inherited)",
					"@executable_path/Frameworks",
				);
				MARKETING_VERSION = 1.0;
				PRODUCT_BUNDLE_IDENTIFIER = com.bishwajit.DigiIDSwiftPackage;
				PRODUCT_NAME = "$(TARGET_NAME)";
				SWIFT_EMIT_LOC_STRINGS = YES;
				SWIFT_VERSION = 5.0;
				TARGETED_DEVICE_FAMILY = "1,2";
			};
			name = Debug;
		};
		54C923D52AB302BA00A7FE37 /* Release */ = {
			isa = XCBuildConfiguration;
			buildSettings = {
				ASSETCATALOG_COMPILER_APPICON_NAME = AppIcon;
				ASSETCATALOG_COMPILER_GLOBAL_ACCENT_COLOR_NAME = AccentColor;
				CODE_SIGN_STYLE = Automatic;
				CURRENT_PROJECT_VERSION = 1;
				GENERATE_INFOPLIST_FILE = YES;
				INFOPLIST_FILE = DigiIDSwiftPackage/Info.plist;
				INFOPLIST_KEY_UIApplicationSupportsIndirectInputEvents = YES;
				INFOPLIST_KEY_UILaunchStoryboardName = LaunchScreen;
				INFOPLIST_KEY_UIMainStoryboardFile = Main;
				INFOPLIST_KEY_UISupportedInterfaceOrientations_iPad = "UIInterfaceOrientationPortrait UIInterfaceOrientationPortraitUpsideDown UIInterfaceOrientationLandscapeLeft UIInterfaceOrientationLandscapeRight";
				INFOPLIST_KEY_UISupportedInterfaceOrientations_iPhone = "UIInterfaceOrientationPortrait UIInterfaceOrientationLandscapeLeft UIInterfaceOrientationLandscapeRight";
				LD_RUNPATH_SEARCH_PATHS = (
					"$(inherited)",
					"@executable_path/Frameworks",
				);
				MARKETING_VERSION = 1.0;
				PRODUCT_BUNDLE_IDENTIFIER = com.bishwajit.DigiIDSwiftPackage;
				PRODUCT_NAME = "$(TARGET_NAME)";
				SWIFT_EMIT_LOC_STRINGS = YES;
				SWIFT_VERSION = 5.0;
				TARGETED_DEVICE_FAMILY = "1,2";
			};
			name = Release;
		};
/* End XCBuildConfiguration section */

/* Begin XCConfigurationList section */
		54C923BA2AB302B900A7FE37 /* Build configuration list for PBXProject "DigiIDSwiftPackage" */ = {
			isa = XCConfigurationList;
			buildConfigurations = (
				54C923D12AB302BA00A7FE37 /* Debug */,
				54C923D22AB302BA00A7FE37 /* Release */,
			);
			defaultConfigurationIsVisible = 0;
			defaultConfigurationName = Release;
		};
		54C923D32AB302BA00A7FE37 /* Build configuration list for PBXNativeTarget "DigiIDSwiftPackage" */ = {
			isa = XCConfigurationList;
			buildConfigurations = (
				54C923D42AB302BA00A7FE37 /* Debug */,
				54C923D52AB302BA00A7FE37 /* Release */,
			);
			defaultConfigurationIsVisible = 0;
			defaultConfigurationName = Release;
		};
/* End XCConfigurationList section */

/* Begin XCRemoteSwiftPackageReference section */
		54BC3C5C2AB308DD00476E9A /* XCRemoteSwiftPackageReference "ios-sdk-button" */ = {
			isa = XCRemoteSwiftPackageReference;
			repositoryURL = "https://github.com/getyoti/ios-sdk-button.git";
			requirement = {
				kind = upToNextMajorVersion;
				minimumVersion = 4.0.2;
			};
		};
/* End XCRemoteSwiftPackageReference section */

/* Begin XCSwiftPackageProductDependency section */
		54BC3C5D2AB308DE00476E9A /* YotiButtonSDK */ = {
			isa = XCSwiftPackageProductDependency;
			package = 54BC3C5C2AB308DD00476E9A /* XCRemoteSwiftPackageReference "ios-sdk-button" */;
			productName = YotiButtonSDK;
		};
/* End XCSwiftPackageProductDependency section */
	};
	rootObject = 54C923B72AB302B900A7FE37 /* Project object */;
}
